
Microsoft Visual Studio Solution File, Format Version 12.00
# Visual Studio Version 17
VisualStudioVersion = 17.4.33205.214
MinimumVisualStudioVersion = 10.0.40219.1
Project("{2150E333-8FDC-42A3-9474-1A3956D46DE8}") = "FrontEnd", "FrontEnd", "{FF464F20-4C23-4E35-A7BF-85443EB9FEA6}"
EndProject
Project("{2150E333-8FDC-42A3-9474-1A3956D46DE8}") = "Services", "Services", "{2AC5D05D-0771-48FB-971F-4C718A6BAF42}"
EndProject
Project("{FAE04EC0-301F-11D3-BF4B-00C04F79EFBC}") = "GeekShopping.Web", "GeekShopping.Web\GeekShopping.Web.csproj", "{38F45C47-F02B-4B6A-897B-6BB4DB371289}"
EndProject
Project("{FAE04EC0-301F-11D3-BF4B-00C04F79EFBC}") = "GeekShopping.ProductAPI", "GeekShopping.ProductAPI\GeekShopping.ProductAPI.csproj", "{27458156-F80B-48B1-97B2-120E0BC02769}"
EndProject
Global
	GlobalSection(SolutionConfigurationPlatforms) = preSolution
		Debug|Any CPU = Debug|Any CPU
		Release|Any CPU = Release|Any CPU
	EndGlobalSection
	GlobalSection(ProjectConfigurationPlatforms) = postSolution
		{38F45C47-F02B-4B6A-897B-6BB4DB371289}.Debug|Any CPU.ActiveCfg = Debug|Any CPU
		{38F45C47-F02B-4B6A-897B-6BB4DB371289}.Debug|Any CPU.Build.0 = Debug|Any CPU
		{38F45C47-F02B-4B6A-897B-6BB4DB371289}.Release|Any CPU.ActiveCfg = Release|Any CPU
		{38F45C47-F02B-4B6A-897B-6BB4DB371289}.Release|Any CPU.Build.0 = Release|Any CPU
		{27458156-F80B-48B1-97B2-120E0BC02769}.Debug|Any CPU.ActiveCfg = Debug|Any CPU
		{27458156-F80B-48B1-97B2-120E0BC02769}.Debug|Any CPU.Build.0 = Debug|Any CPU
		{27458156-F80B-48B1-97B2-120E0BC02769}.Release|Any CPU.ActiveCfg = Release|Any CPU
		{27458156-F80B-48B1-97B2-120E0BC02769}.Release|Any CPU.Build.0 = Release|Any CPU
	EndGlobalSection
	GlobalSection(SolutionProperties) = preSolution
		HideSolutionNode = FALSE
	EndGlobalSection
	GlobalSection(NestedProjects) = preSolution
		{38F45C47-F02B-4B6A-897B-6BB4DB371289} = {FF464F20-4C23-4E35-A7BF-85443EB9FEA6}
		{27458156-F80B-48B1-97B2-120E0BC02769} = {2AC5D05D-0771-48FB-971F-4C718A6BAF42}
	EndGlobalSection
	GlobalSection(ExtensibilityGlobals) = postSolution
		SolutionGuid = {B407B248-1372-45E9-84CA-9749750C57C2}
	EndGlobalSection
EndGlobal
